{
  "name": "prismbay-clean-physical-orders",
  "lockfileVersion": 3,
  "requires": true,
  "packages": {
    "": {
      "name": "prismbay-clean-physical-orders",
      "dependencies": {
        "stripe": "^22.3.2"
      },
      "engines": {
        "node": ">=24 <25"
      }
    },
    "node_modules/stripe": {
      "version": "22.6.2",
      "license": "MIT",
      "engines": {
        "node": ">=18"
      },
      "peerDependencies": {
        "@types/node": ">=18"
      },
      "peerDependenciesMeta": {
        "@types/node": {
          "optional": true
        }
      }
    }
  }
}
